
Microsoft Visual Studio Solution File, Format Version 12.00
# Visual Studio Version 16
VisualStudioVersion = 16.0.30320.27
MinimumVisualStudioVersion = 10.0.40219.1
Project("{151D2E53-A2C4-4D7D-83FE-D05416EBD58E}") = "AzureResourceGroup1", "AzureResourceGroup1\AzureResourceGroup1.deployproj", "{2C4AD091-6494-48C3-8ECC-BDC16542D550}"
EndProject
Global
	GlobalSection(SolutionConfigurationPlatforms) = preSolution
		Debug|Any CPU = Debug|Any CPU
		Release|Any CPU = Release|Any CPU
	EndGlobalSection
	GlobalSection(ProjectConfigurationPlatforms) = postSolution
		{2C4AD091-6494-48C3-8ECC-BDC16542D550}.Debug|Any CPU.ActiveCfg = Debug|Any CPU
		{2C4AD091-6494-48C3-8ECC-BDC16542D550}.Debug|Any CPU.Build.0 = Debug|Any CPU
		{2C4AD091-6494-48C3-8ECC-BDC16542D550}.Release|Any CPU.ActiveCfg = Release|Any CPU
		{2C4AD091-6494-48C3-8ECC-BDC16542D550}.Release|Any CPU.Build.0 = Release|Any CPU
	EndGlobalSection
	GlobalSection(SolutionProperties) = preSolution
		HideSolutionNode = FALSE
	EndGlobalSection
	GlobalSection(ExtensibilityGlobals) = postSolution
		SolutionGuid = {CCF9C960-1AF9-4162-9D41-BE6DFB73F8A2}
	EndGlobalSection
EndGlobal
